// !$*UTF8*$!
{
	archiveVersion = 1;
	classes = {
	};
	objectVersion = 50;
	objects = {

/* Begin PBXBuildFile section */
		3D5C0FC825C7A1590093CB5F /* Poppins-SemiBold.ttf in Resources */ = {isa = PBXBuildFile; fileRef = 3D5C0FC725C7A1590093CB5F /* Poppins-SemiBold.ttf */; };
		3D651C6425C5F31400C3DF19 /* Shape.swift in Sources */ = {isa = PBXBuildFile; fileRef = 3D651C6325C5F31400C3DF19 /* Shape.swift */; };
		3D651C6725C5F38400C3DF19 /* Shape+Shapes.swift in Sources */ = {isa = PBXBuildFile; fileRef = 3D651C6625C5F38400C3DF19 /* Shape+Shapes.swift */; };
		3D651C6E25C5F4FA00C3DF19 /* ShapeView.swift in Sources */ = {isa = PBXBuildFile; fileRef = 3D651C6D25C5F4FA00C3DF19 /* ShapeView.swift */; };
		3D651C7225C6032A00C3DF19 /* Game.swift in Sources */ = {isa = PBXBuildFile; fileRef = 3D651C7125C6032A00C3DF19 /* Game.swift */; };
		3D651C7925C6042400C3DF19 /* LatoGame.swift in Sources */ = {isa = PBXBuildFile; fileRef = 3D651C7825C6042400C3DF19 /* LatoGame.swift */; };
		3D651C8025C61DCA00C3DF19 /* Shape+Color.swift in Sources */ = {isa = PBXBuildFile; fileRef = 3D651C7F25C61DCA00C3DF19 /* Shape+Color.swift */; };
		3DC8088C25C5D45000DF491A /* LatoApp.swift in Sources */ = {isa = PBXBuildFile; fileRef = 3DC8088B25C5D45000DF491A /* LatoApp.swift */; };
		3DC8089025C5D45200DF491A /* Assets.xcassets in Resources */ = {isa = PBXBuildFile; fileRef = 3DC8088F25C5D45200DF491A /* Assets.xcassets */; };
		3DC8089325C5D45200DF491A /* Preview Assets.xcassets in Resources */ = {isa = PBXBuildFile; fileRef = 3DC8089225C5D45200DF491A /* Preview Assets.xcassets */; };
		3DC808A325C5D75A00DF491A /* Cell.swift in Sources */ = {isa = PBXBuildFile; fileRef = 3DC808A225C5D75A00DF491A /* Cell.swift */; };
		3DC808A725C5D89F00DF491A /* Board.swift in Sources */ = {isa = PBXBuildFile; fileRef = 3DC808A625C5D89F00DF491A /* Board.swift */; };
		3DC808AA25C5D90F00DF491A /* Board+Boards.swift in Sources */ = {isa = PBXBuildFile; fileRef = 3DC808A925C5D90F00DF491A /* Board+Boards.swift */; };
		3DC808AD25C5DA4B00DF491A /* CellView.swift in Sources */ = {isa = PBXBuildFile; fileRef = 3DC808AC25C5DA4B00DF491A /* CellView.swift */; };
		3DC808B525C5F21400DF491A /* BoardView.swift in Sources */ = {isa = PBXBuildFile; fileRef = 3DC808B425C5F21400DF491A /* BoardView.swift */; };
/* End PBXBuildFile section */

/* Begin PBXFileReference section */
		3D5C0FC725C7A1590093CB5F /* Poppins-SemiBold.ttf */ = {isa = PBXFileReference; lastKnownFileType = file; path = "Poppins-SemiBold.ttf"; sourceTree = "<group>"; };
		3D651C6325C5F31400C3DF19 /* Shape.swift */ = {isa = PBXFileReference; lastKnownFileType = sourcecode.swift; path = Shape.swift; sourceTree = "<group>"; };
		3D651C6625C5F38400C3DF19 /* Shape+Shapes.swift */ = {isa = PBXFileReference; lastKnownFileType = sourcecode.swift; path = "Shape+Shapes.swift"; sourceTree = "<group>"; };
		3D651C6D25C5F4FA00C3DF19 /* ShapeView.swift */ = {isa = PBXFileReference; lastKnownFileType = sourcecode.swift; path = ShapeView.swift; sourceTree = "<group>"; };
		3D651C7125C6032A00C3DF19 /* Game.swift */ = {isa = PBXFileReference; lastKnownFileType = sourcecode.swift; path = Game.swift; sourceTree = "<group>"; };
		3D651C7825C6042400C3DF19 /* LatoGame.swift */ = {isa = PBXFileReference; lastKnownFileType = sourcecode.swift; path = LatoGame.swift; sourceTree = "<group>"; };
		3D651C7F25C61DCA00C3DF19 /* Shape+Color.swift */ = {isa = PBXFileReference; lastKnownFileType = sourcecode.swift; path = "Shape+Color.swift"; sourceTree = "<group>"; };
		3DC8088825C5D45000DF491A /* Lato.app */ = {isa = PBXFileReference; explicitFileType = wrapper.application; includeInIndex = 0; path = Lato.app; sourceTree = BUILT_PRODUCTS_DIR; };
		3DC8088B25C5D45000DF491A /* LatoApp.swift */ = {isa = PBXFileReference; lastKnownFileType = sourcecode.swift; path = LatoApp.swift; sourceTree = "<group>"; };
		3DC8088F25C5D45200DF491A /* Assets.xcassets */ = {isa = PBXFileReference; lastKnownFileType = folder.assetcatalog; path = Assets.xcassets; sourceTree = "<group>"; };
		3DC8089225C5D45200DF491A /* Preview Assets.xcassets */ = {isa = PBXFileReference; lastKnownFileType = folder.assetcatalog; path = "Preview Assets.xcassets"; sourceTree = "<group>"; };
		3DC8089425C5D45200DF491A /* Info.plist */ = {isa = PBXFileReference; lastKnownFileType = text.plist.xml; path = Info.plist; sourceTree = "<group>"; };
		3DC808A225C5D75A00DF491A /* Cell.swift */ = {isa = PBXFileReference; lastKnownFileType = sourcecode.swift; path = Cell.swift; sourceTree = "<group>"; };
		3DC808A625C5D89F00DF491A /* Board.swift */ = {isa = PBXFileReference; lastKnownFileType = sourcecode.swift; path = Board.swift; sourceTree = "<group>"; };
		3DC808A925C5D90F00DF491A /* Board+Boards.swift */ = {isa = PBXFileReference; lastKnownFileType = sourcecode.swift; path = "Board+Boards.swift"; sourceTree = "<group>"; };
		3DC808AC25C5DA4B00DF491A /* CellView.swift */ = {isa = PBXFileReference; lastKnownFileType = sourcecode.swift; path = CellView.swift; sourceTree = "<group>"; };
		3DC808B425C5F21400DF491A /* BoardView.swift */ = {isa = PBXFileReference; lastKnownFileType = sourcecode.swift; path = BoardView.swift; sourceTree = "<group>"; };
/* End PBXFileReference section */

/* Begin PBXFrameworksBuildPhase section */
		3DC8088525C5D45000DF491A /* Frameworks */ = {
			isa = PBXFrameworksBuildPhase;
			buildActionMask = 2147483647;
			files = (
			);
			runOnlyForDeploymentPostprocessing = 0;
		};
/* End PBXFrameworksBuildPhase section */

/* Begin PBXGroup section */
		3D5C0FC625C7A10D0093CB5F /* Fonts */ = {
			isa = PBXGroup;
			children = (
				3D5C0FC725C7A1590093CB5F /* Poppins-SemiBold.ttf */,
			);
			path = Fonts;
			sourceTree = "<group>";
		};
		3DC8087F25C5D44F00DF491A = {
			isa = PBXGroup;
			children = (
				3DC8088A25C5D45000DF491A /* Lato */,
				3DC8088925C5D45000DF491A /* Products */,
			);
			sourceTree = "<group>";
		};
		3DC8088925C5D45000DF491A /* Products */ = {
			isa = PBXGroup;
			children = (
				3DC8088825C5D45000DF491A /* Lato.app */,
			);
			name = Products;
			sourceTree = "<group>";
		};
		3DC8088A25C5D45000DF491A /* Lato */ = {
			isa = PBXGroup;
			children = (
				3D5C0FC625C7A10D0093CB5F /* Fonts */,
				3D651C7125C6032A00C3DF19 /* Game.swift */,
				3D651C7825C6042400C3DF19 /* LatoGame.swift */,
				3DC808B225C5E33300DF491A /* Shape */,
				3DC808A525C5D89600DF491A /* Board */,
				3DC8089B25C5D4F900DF491A /* Cell */,
				3DC8088B25C5D45000DF491A /* LatoApp.swift */,
				3DC8088F25C5D45200DF491A /* Assets.xcassets */,
				3DC8089425C5D45200DF491A /* Info.plist */,
				3DC8089125C5D45200DF491A /* Preview Content */,
			);
			path = Lato;
			sourceTree = "<group>";
		};
		3DC8089125C5D45200DF491A /* Preview Content */ = {
			isa = PBXGroup;
			children = (
				3DC8089225C5D45200DF491A /* Preview Assets.xcassets */,
			);
			path = "Preview Content";
			sourceTree = "<group>";
		};
		3DC8089B25C5D4F900DF491A /* Cell */ = {
			isa = PBXGroup;
			children = (
				3DC808A225C5D75A00DF491A /* Cell.swift */,
				3DC808AC25C5DA4B00DF491A /* CellView.swift */,
			);
			path = Cell;
			sourceTree = "<group>";
		};
		3DC808A525C5D89600DF491A /* Board */ = {
			isa = PBXGroup;
			children = (
				3DC808A625C5D89F00DF491A /* Board.swift */,
				3DC808A925C5D90F00DF491A /* Board+Boards.swift */,
				3DC808B425C5F21400DF491A /* BoardView.swift */,
			);
			path = Board;
			sourceTree = "<group>";
		};
		3DC808B225C5E33300DF491A /* Shape */ = {
			isa = PBXGroup;
			children = (
				3D651C6325C5F31400C3DF19 /* Shape.swift */,
				3D651C6625C5F38400C3DF19 /* Shape+Shapes.swift */,
				3D651C6D25C5F4FA00C3DF19 /* ShapeView.swift */,
				3D651C7F25C61DCA00C3DF19 /* Shape+Color.swift */,
			);
			path = Shape;
			sourceTree = "<group>";
		};
/* End PBXGroup section */

/* Begin PBXNativeTarget section */
		3DC8088725C5D45000DF491A /* Lato */ = {
			isa = PBXNativeTarget;
			buildConfigurationList = 3DC8089725C5D45200DF491A /* Build configuration list for PBXNativeTarget "Lato" */;
			buildPhases = (
				3DC8088425C5D45000DF491A /* Sources */,
				3DC8088525C5D45000DF491A /* Frameworks */,
				3DC8088625C5D45000DF491A /* Resources */,
			);
			buildRules = (
			);
			dependencies = (
			);
			name = Lato;
			productName = Lato;
			productReference = 3DC8088825C5D45000DF491A /* Lato.app */;
			productType = "com.apple.product-type.application";
		};
/* End PBXNativeTarget section */

/* Begin PBXProject section */
		3DC8088025C5D44F00DF491A /* Project object */ = {
			isa = PBXProject;
			attributes = {
				LastSwiftUpdateCheck = 1230;
				LastUpgradeCheck = 1230;
				TargetAttributes = {
					3DC8088725C5D45000DF491A = {
						CreatedOnToolsVersion = 12.3;
					};
				};
			};
			buildConfigurationList = 3DC8088325C5D44F00DF491A /* Build configuration list for PBXProject "Lato" */;
			compatibilityVersion = "Xcode 9.3";
			developmentRegion = en;
			hasScannedForEncodings = 0;
			knownRegions = (
				en,
				Base,
			);
			mainGroup = 3DC8087F25C5D44F00DF491A;
			productRefGroup = 3DC8088925C5D45000DF491A /* Products */;
			projectDirPath = "";
			projectRoot = "";
			targets = (
				3DC8088725C5D45000DF491A /* Lato */,
			);
		};
/* End PBXProject section */

/* Begin PBXResourcesBuildPhase section */
		3DC8088625C5D45000DF491A /* Resources */ = {
			isa = PBXResourcesBuildPhase;
			buildActionMask = 2147483647;
			files = (
				3D5C0FC825C7A1590093CB5F /* Poppins-SemiBold.ttf in Resources */,
				3DC8089325C5D45200DF491A /* Preview Assets.xcassets in Resources */,
				3DC8089025C5D45200DF491A /* Assets.xcassets in Resources */,
			);
			runOnlyForDeploymentPostprocessing = 0;
		};
/* End PBXResourcesBuildPhase section */

/* Begin PBXSourcesBuildPhase section */
		3DC8088425C5D45000DF491A /* Sources */ = {
			isa = PBXSourcesBuildPhase;
			buildActionMask = 2147483647;
			files = (
				3DC8088C25C5D45000DF491A /* LatoApp.swift in Sources */,
				3DC808A725C5D89F00DF491A /* Board.swift in Sources */,
				3DC808AD25C5DA4B00DF491A /* CellView.swift in Sources */,
				3D651C6425C5F31400C3DF19 /* Shape.swift in Sources */,
				3D651C6E25C5F4FA00C3DF19 /* ShapeView.swift in Sources */,
				3D651C6725C5F38400C3DF19 /* Shape+Shapes.swift in Sources */,
				3DC808AA25C5D90F00DF491A /* Board+Boards.swift in Sources */,
				3D651C7925C6042400C3DF19 /* LatoGame.swift in Sources */,
				3DC808B525C5F21400DF491A /* BoardView.swift in Sources */,
				3DC808A325C5D75A00DF491A /* Cell.swift in Sources */,
				3D651C8025C61DCA00C3DF19 /* Shape+Color.swift in Sources */,
				3D651C7225C6032A00C3DF19 /* Game.swift in Sources */,
			);
			runOnlyForDeploymentPostprocessing = 0;
		};
/* End PBXSourcesBuildPhase section */

/* Begin XCBuildConfiguration section */
		3DC8089525C5D45200DF491A /* Debug */ = {
			isa = XCBuildConfiguration;
			buildSettings = {
				ALWAYS_SEARCH_USER_PATHS = NO;
				CLANG_ANALYZER_NONNULL = YES;
				CLANG_ANALYZER_NUMBER_OBJECT_CONVERSION = YES_AGGRESSIVE;
				CLANG_CXX_LANGUAGE_STANDARD = "gnu++14";
				CLANG_CXX_LIBRARY = "libc++";
				CLANG_ENABLE_MODULES = YES;
				CLANG_ENABLE_OBJC_ARC = YES;
				CLANG_ENABLE_OBJC_WEAK = YES;
				CLANG_WARN_BLOCK_CAPTURE_AUTORELEASING = YES;
				CLANG_WARN_BOOL_CONVERSION = YES;
				CLANG_WARN_COMMA = YES;
				CLANG_WARN_CONSTANT_CONVERSION = YES;
				CLANG_WARN_DEPRECATED_OBJC_IMPLEMENTATIONS = YES;
				CLANG_WARN_DIRECT_OBJC_ISA_USAGE = YES_ERROR;
				CLANG_WARN_DOCUMENTATION_COMMENTS = YES;
				CLANG_WARN_EMPTY_BODY = YES;
				CLANG_WARN_ENUM_CONVERSION = YES;
				CLANG_WARN_INFINITE_RECURSION = YES;
				CLANG_WARN_INT_CONVERSION = YES;
				CLANG_WARN_NON_LITERAL_NULL_CONVERSION = YES;
				CLANG_WARN_OBJC_IMPLICIT_RETAIN_SELF = YES;
				CLANG_WARN_OBJC_LITERAL_CONVERSION = YES;
				CLANG_WARN_OBJC_ROOT_CLASS = YES_ERROR;
				CLANG_WARN_QUOTED_INCLUDE_IN_FRAMEWORK_HEADER = YES;
				CLANG_WARN_RANGE_LOOP_ANALYSIS = YES;
				CLANG_WARN_STRICT_PROTOTYPES = YES;
				CLANG_WARN_SUSPICIOUS_MOVE = YES;
				CLANG_WARN_UNGUARDED_AVAILABILITY = YES_AGGRESSIVE;
				CLANG_WARN_UNREACHABLE_CODE = YES;
				CLANG_WARN__DUPLICATE_METHOD_MATCH = YES;
				COPY_PHASE_STRIP = NO;
				DEBUG_INFORMATION_FORMAT = dwarf;
				ENABLE_STRICT_OBJC_MSGSEND = YES;
				ENABLE_TESTABILITY = YES;
				GCC_C_LANGUAGE_STANDARD = gnu11;
				GCC_DYNAMIC_NO_PIC = NO;
				GCC_NO_COMMON_BLOCKS = YES;
				GCC_OPTIMIZATION_LEVEL = 0;
				GCC_PREPROCESSOR_DEFINITIONS = (
					"DEBUG=1",
					"$(inherited)",
				);
				GCC_WARN_64_TO_32_BIT_CONVERSION = YES;
				GCC_WARN_ABOUT_RETURN_TYPE = YES_ERROR;
				GCC_WARN_UNDECLARED_SELECTOR = YES;
				GCC_WARN_UNINITIALIZED_AUTOS = YES_AGGRESSIVE;
				GCC_WARN_UNUSED_FUNCTION = YES;
				GCC_WARN_UNUSED_VARIABLE = YES;
				IPHONEOS_DEPLOYMENT_TARGET = 14.3;
				MTL_ENABLE_DEBUG_INFO = INCLUDE_SOURCE;
				MTL_FAST_MATH = YES;
				ONLY_ACTIVE_ARCH = YES;
				SDKROOT = iphoneos;
				SWIFT_ACTIVE_COMPILATION_CONDITIONS = DEBUG;
				SWIFT_OPTIMIZATION_LEVEL = "-Onone";
			};
			name = Debug;
		};
		3DC8089625C5D45200DF491A /* Release */ = {
			isa = XCBuildConfiguration;
			buildSettings = {
				ALWAYS_SEARCH_USER_PATHS = NO;
				CLANG_ANALYZER_NONNULL = YES;
				CLANG_ANALYZER_NUMBER_OBJECT_CONVERSION = YES_AGGRESSIVE;
				CLANG_CXX_LANGUAGE_STANDARD = "gnu++14";
				CLANG_CXX_LIBRARY = "libc++";
				CLANG_ENABLE_MODULES = YES;
				CLANG_ENABLE_OBJC_ARC = YES;
				CLANG_ENABLE_OBJC_WEAK = YES;
				CLANG_WARN_BLOCK_CAPTURE_AUTORELEASING = YES;
				CLANG_WARN_BOOL_CONVERSION = YES;
				CLANG_WARN_COMMA = YES;
				CLANG_WARN_CONSTANT_CONVERSION = YES;
				CLANG_WARN_DEPRECATED_OBJC_IMPLEMENTATIONS = YES;
				CLANG_WARN_DIRECT_OBJC_ISA_USAGE = YES_ERROR;
				CLANG_WARN_DOCUMENTATION_COMMENTS = YES;
				CLANG_WARN_EMPTY_BODY = YES;
				CLANG_WARN_ENUM_CONVERSION = YES;
				CLANG_WARN_INFINITE_RECURSION = YES;
				CLANG_WARN_INT_CONVERSION = YES;
				CLANG_WARN_NON_LITERAL_NULL_CONVERSION = YES;
				CLANG_WARN_OBJC_IMPLICIT_RETAIN_SELF = YES;
				CLANG_WARN_OBJC_LITERAL_CONVERSION = YES;
				CLANG_WARN_OBJC_ROOT_CLASS = YES_ERROR;
				CLANG_WARN_QUOTED_INCLUDE_IN_FRAMEWORK_HEADER = YES;
				CLANG_WARN_RANGE_LOOP_ANALYSIS = YES;
				CLANG_WARN_STRICT_PROTOTYPES = YES;
				CLANG_WARN_SUSPICIOUS_MOVE = YES;
				CLANG_WARN_UNGUARDED_AVAILABILITY = YES_AGGRESSIVE;
				CLANG_WARN_UNREACHABLE_CODE = YES;
				CLANG_WARN__DUPLICATE_METHOD_MATCH = YES;
				COPY_PHASE_STRIP = NO;
				DEBUG_INFORMATION_FORMAT = "dwarf-with-dsym";
				ENABLE_NS_ASSERTIONS = NO;
				ENABLE_STRICT_OBJC_MSGSEND = YES;
				GCC_C_LANGUAGE_STANDARD = gnu11;
				GCC_NO_COMMON_BLOCKS = YES;
				GCC_WARN_64_TO_32_BIT_CONVERSION = YES;
				GCC_WARN_ABOUT_RETURN_TYPE = YES_ERROR;
				GCC_WARN_UNDECLARED_SELECTOR = YES;
				GCC_WARN_UNINITIALIZED_AUTOS = YES_AGGRESSIVE;
				GCC_WARN_UNUSED_FUNCTION = YES;
				GCC_WARN_UNUSED_VARIABLE = YES;
				IPHONEOS_DEPLOYMENT_TARGET = 14.3;
				MTL_ENABLE_DEBUG_INFO = NO;
				MTL_FAST_MATH = YES;
				SDKROOT = iphoneos;
				SWIFT_COMPILATION_MODE = wholemodule;
				SWIFT_OPTIMIZATION_LEVEL = "-O";
				VALIDATE_PRODUCT = YES;
			};
			name = Release;
		};
		3DC8089825C5D45200DF491A /* Debug */ = {
			isa = XCBuildConfiguration;
			buildSettings = {
				ASSETCATALOG_COMPILER_APPICON_NAME = "AppIcon-1";
				ASSETCATALOG_COMPILER_GLOBAL_ACCENT_COLOR_NAME = AccentColor;
				CODE_SIGN_STYLE = Automatic;
				DEVELOPMENT_ASSET_PATHS = "\"Lato/Preview Content\"";
				DEVELOPMENT_TEAM = 9TP4HMDZ7W;
				ENABLE_PREVIEWS = YES;
				INFOPLIST_FILE = Lato/Info.plist;
				IPHONEOS_DEPLOYMENT_TARGET = 14.0;
				LD_RUNPATH_SEARCH_PATHS = (
					"$(inherited)",
					"@executable_path/Frameworks",
				);
				PRODUCT_BUNDLE_IDENTIFIER = juandahurt.Lato;
				PRODUCT_NAME = "$(TARGET_NAME)";
				SWIFT_VERSION = 5.0;
				TARGETED_DEVICE_FAMILY = 1;
			};
			name = Debug;
		};
		3DC8089925C5D45200DF491A /* Release */ = {
			isa = XCBuildConfiguration;
			buildSettings = {
				ASSETCATALOG_COMPILER_APPICON_NAME = "AppIcon-1";
				ASSETCATALOG_COMPILER_GLOBAL_ACCENT_COLOR_NAME = AccentColor;
				CODE_SIGN_STYLE = Automatic;
				DEVELOPMENT_ASSET_PATHS = "\"Lato/Preview Content\"";
				DEVELOPMENT_TEAM = 9TP4HMDZ7W;
				ENABLE_PREVIEWS = YES;
				INFOPLIST_FILE = Lato/Info.plist;
				IPHONEOS_DEPLOYMENT_TARGET = 14.0;
				LD_RUNPATH_SEARCH_PATHS = (
					"$(inherited)",
					"@executable_path/Frameworks",
				);
				PRODUCT_BUNDLE_IDENTIFIER = juandahurt.Lato;
				PRODUCT_NAME = "$(TARGET_NAME)";
				SWIFT_VERSION = 5.0;
				TARGETED_DEVICE_FAMILY = 1;
			};
			name = Release;
		};
/* End XCBuildConfiguration section */

/* Begin XCConfigurationList section */
		3DC8088325C5D44F00DF491A /* Build configuration list for PBXProject "Lato" */ = {
			isa = XCConfigurationList;
			buildConfigurations = (
				3DC8089525C5D45200DF491A /* Debug */,
				3DC8089625C5D45200DF491A /* Release */,
			);
			defaultConfigurationIsVisible = 0;
			defaultConfigurationName = Release;
		};
		3DC8089725C5D45200DF491A /* Build configuration list for PBXNativeTarget "Lato" */ = {
			isa = XCConfigurationList;
			buildConfigurations = (
				3DC8089825C5D45200DF491A /* Debug */,
				3DC8089925C5D45200DF491A /* Release */,
			);
			defaultConfigurationIsVisible = 0;
			defaultConfigurationName = Release;
		};
/* End XCConfigurationList section */
	};
	rootObject = 3DC8088025C5D44F00DF491A /* Project object */;
}
